
Microsoft Visual Studio Solution File, Format Version 12.00
# Visual Studio 15
VisualStudioVersion = 15.0.28307.1231
MinimumVisualStudioVersion = 10.0.40219.1
Project("{FAE04EC0-301F-11D3-BF4B-00C04F79EFBC}") = "ConTestGit", "ConTestGit\ConTestGit.csproj", "{9B4D4567-2A20-483D-8FC0-6BA5143F150C}"
EndProject
Global
	GlobalSection(SolutionConfigurationPlatforms) = preSolution
		Debug|Any CPU = Debug|Any CPU
		Release|Any CPU = Release|Any CPU
	EndGlobalSection
	GlobalSection(ProjectConfigurationPlatforms) = postSolution
		{9B4D4567-2A20-483D-8FC0-6BA5143F150C}.Debug|Any CPU.ActiveCfg = Debug|Any CPU
		{9B4D4567-2A20-483D-8FC0-6BA5143F150C}.Debug|Any CPU.Build.0 = Debug|Any CPU
		{9B4D4567-2A20-483D-8FC0-6BA5143F150C}.Release|Any CPU.ActiveCfg = Release|Any CPU
		{9B4D4567-2A20-483D-8FC0-6BA5143F150C}.Release|Any CPU.Build.0 = Release|Any CPU
	EndGlobalSection
	GlobalSection(SolutionProperties) = preSolution
		HideSolutionNode = FALSE
	EndGlobalSection
	GlobalSection(ExtensibilityGlobals) = postSolution
		SolutionGuid = {9E420513-38F5-4DB6-BC30-006E021EAF9A}
	EndGlobalSection
EndGlobal
